{
  "nodes": {
    "DPutils-src": {
      "flake": false,
      "locked": {
        "lastModified": 1644921856,
        "narHash": "sha256-E0/ZQDHCgBSIKK9c9e0INc/Y24FR739omplolDxkDho=",
        "owner": "choener",
        "repo": "DPutils",
        "rev": "3fa1a891a76e7fe5bdcc0330eb62e807c53bd502",
        "type": "github"
      },
      "original": {
        "owner": "choener",
        "repo": "DPutils",
        "type": "github"
      }
    },
    "OrderedBits-src": {
      "flake": false,
      "locked": {
        "lastModified": 1644921875,
        "narHash": "sha256-Mc8r85rtt+V0V5frWMqBrJRu0OHwJZbNeEpEfJC8d/k=",
        "owner": "choener",
        "repo": "OrderedBits",
        "rev": "401cbbe933b1635aa33e8e9b29a4a570b0a8f044",
        "type": "github"
      },
      "original": {
        "owner": "choener",
        "repo": "OrderedBits",
        "type": "github"
      }
    },
    "PrimitiveArray-src": {
      "flake": false,
      "locked": {
        "lastModified": 1644921889,
        "narHash": "sha256-S/DpZcGWD7Kg0eWaz6Ap4TyniaSJhS9yBW6lvaXIarA=",
        "owner": "choener",
        "repo": "PrimitiveArray",
        "rev": "f18183cf5028ae8d0c6f854356b2b2da2ea20ff5",
        "type": "github"
      },
      "original": {
        "owner": "choener",
        "repo": "PrimitiveArray",
        "type": "github"
      }
    },
    "flake-utils": {
      "locked": {
        "lastModified": 1610051610,
        "narHash": "sha256-U9rPz/usA1/Aohhk7Cmc2gBrEEKRzcW4nwPWMPwja4Y=",
        "owner": "numtide",
        "repo": "flake-utils",
        "rev": "3982c9903e93927c2164caa727cd3f6a0e6d14cc",
        "type": "github"
      },
      "original": {
        "owner": "numtide",
        "repo": "flake-utils",
        "type": "github"
      }
    },
    "flake-utils_2": {
      "locked": {
        "lastModified": 1610051610,
        "narHash": "sha256-U9rPz/usA1/Aohhk7Cmc2gBrEEKRzcW4nwPWMPwja4Y=",
        "owner": "numtide",
        "repo": "flake-utils",
        "rev": "3982c9903e93927c2164caa727cd3f6a0e6d14cc",
        "type": "github"
      },
      "original": {
        "owner": "numtide",
        "repo": "flake-utils",
        "type": "github"
      }
    },
    "ghcicabal": {
      "inputs": {
        "flake-utils": "flake-utils_2",
        "nixpkgs": [
          "nixpkgs"
        ]
      },
      "locked": {
        "lastModified": 1639009740,
        "narHash": "sha256-tJ1qDXqjk4v56OYIGt+aJ+KdAxV6Xt0EE+OwekPt4+g=",
        "owner": "choener",
        "repo": "ghcicabal",
        "rev": "5c6a1b0d937a5d7dc01d75c16a214c9eb8c1abc3",
        "type": "github"
      },
      "original": {
        "owner": "choener",
        "repo": "ghcicabal",
        "type": "github"
      }
    },
    "nixpkgs": {
      "locked": {
        "lastModified": 1656500841,
        "narHash": "sha256-13IRoh3uu29S4IfoVO6Sb0UPwzDhSqXoBKKQ4ssEzF0=",
        "owner": "NixOS",
        "repo": "nixpkgs",
        "rev": "be6da3774db3746e6ae94bf412dd3707e35b2800",
        "type": "github"
      },
      "original": {
        "owner": "NixOS",
        "ref": "nixos-22.05",
        "repo": "nixpkgs",
        "type": "github"
      }
    },
    "root": {
      "inputs": {
        "DPutils-src": "DPutils-src",
        "OrderedBits-src": "OrderedBits-src",
        "PrimitiveArray-src": "PrimitiveArray-src",
        "flake-utils": "flake-utils",
        "ghcicabal": "ghcicabal",
        "nixpkgs": "nixpkgs"
      }
    }
  },
  "root": "root",
  "version": 7
}
